
Microsoft Visual Studio Solution File, Format Version 12.00
# Visual Studio Version 17
VisualStudioVersion = 17.5.002.0
MinimumVisualStudioVersion = 10.0.40219.1
Project("{9A19103F-16F7-4668-BE54-9A1E7A4F7556}") = "api", "api.csproj", "{DDA4436D-2B67-4CE4-93C8-8D0A7BBD9639}"
EndProject
Global
	GlobalSection(SolutionConfigurationPlatforms) = preSolution
		Debug|Any CPU = Debug|Any CPU
		Release|Any CPU = Release|Any CPU
	EndGlobalSection
	GlobalSection(ProjectConfigurationPlatforms) = postSolution
		{DDA4436D-2B67-4CE4-93C8-8D0A7BBD9639}.Debug|Any CPU.ActiveCfg = Debug|Any CPU
		{DDA4436D-2B67-4CE4-93C8-8D0A7BBD9639}.Debug|Any CPU.Build.0 = Debug|Any CPU
		{DDA4436D-2B67-4CE4-93C8-8D0A7BBD9639}.Release|Any CPU.ActiveCfg = Release|Any CPU
		{DDA4436D-2B67-4CE4-93C8-8D0A7BBD9639}.Release|Any CPU.Build.0 = Release|Any CPU
	EndGlobalSection
	GlobalSection(SolutionProperties) = preSolution
		HideSolutionNode = FALSE
	EndGlobalSection
	GlobalSection(ExtensibilityGlobals) = postSolution
		SolutionGuid = {5DE4ABE1-2DDA-40FD-B8E1-D7617CD7268D}
	EndGlobalSection
EndGlobal
